# THIS IS AN AUTOGENERATED FILE. DO NOT EDIT THIS FILE DIRECTLY.
# yarn lockfile v1


"@types/bcryptjs@^3.0.0":
  version "3.0.0"
  resolved "https://registry.yarnpkg.com/@types/bcryptjs/-/bcryptjs-3.0.0.tgz#d7be11653aa82cf17ffee4f3925f1f80cfc1add2"
  integrity sha512-WRZOuCuaz8UcZZE4R5HXTco2goQSI2XxjGY3hbM/xDvwmqFWd4ivooImsMx65OKM6CtNKbnZ5YL+YwAwK7c1dg==
  dependencies:
    bcryptjs "*"

bcryptjs@*, bcryptjs@^3.0.2:
  version "3.0.2"
  resolved "https://registry.yarnpkg.com/bcryptjs/-/bcryptjs-3.0.2.tgz#caadcca1afefe372ed6e20f86db8e8546361c1ca"
  integrity sha512-k38b3XOZKv60C4E2hVsXTolJWfkGRMbILBIe2IBITXciy5bOsTKot5kDrf3ZfufQtQOUN5mXceUEpU1rTl9Uog==
